
Microsoft Visual Studio Solution File, Format Version 12.00
# Visual Studio 15
VisualStudioVersion = 15.0.28010.2016
MinimumVisualStudioVersion = 10.0.40219.1
Project("{FAE04EC0-301F-11D3-BF4B-00C04F79EFBC}") = "Framework", "Framework\Framework.csproj", "{6671A112-0F9D-4389-89AB-04D7738D6542}"
EndProject
Global
	GlobalSection(SolutionConfigurationPlatforms) = preSolution
		Debug|Any CPU = Debug|Any CPU
		Release|Any CPU = Release|Any CPU
	EndGlobalSection
	GlobalSection(ProjectConfigurationPlatforms) = postSolution
		{6671A112-0F9D-4389-89AB-04D7738D6542}.Debug|Any CPU.ActiveCfg = Debug|Any CPU
		{6671A112-0F9D-4389-89AB-04D7738D6542}.Debug|Any CPU.Build.0 = Debug|Any CPU
		{6671A112-0F9D-4389-89AB-04D7738D6542}.Release|Any CPU.ActiveCfg = Release|Any CPU
		{6671A112-0F9D-4389-89AB-04D7738D6542}.Release|Any CPU.Build.0 = Release|Any CPU
	EndGlobalSection
	GlobalSection(SolutionProperties) = preSolution
		HideSolutionNode = FALSE
	EndGlobalSection
	GlobalSection(ExtensibilityGlobals) = postSolution
		SolutionGuid = {47A2637A-3564-4FB1-A5A9-4019A4F6CBFB}
	EndGlobalSection
EndGlobal
